// !$*UTF8*$!
{
	archiveVersion = 1;
	classes = {
	};
	objectVersion = 51;
	objects = {

/* Begin PBXBuildFile section */
		56512DF8E578DB41CC76F3BF /* Pods_MVC_NasaRovers.framework in Frameworks */ = {isa = PBXBuildFile; fileRef = BE4475DF758E4BD9D5CB51EE /* Pods_MVC_NasaRovers.framework */; };
		A96CADF627ECCB48003FCDED /* AppDelegate.swift in Sources */ = {isa = PBXBuildFile; fileRef = A96CADF527ECCB48003FCDED /* AppDelegate.swift */; };
		A96CADF827ECCB48003FCDED /* SceneDelegate.swift in Sources */ = {isa = PBXBuildFile; fileRef = A96CADF727ECCB48003FCDED /* SceneDelegate.swift */; };
		A96CADFF27ECCB4B003FCDED /* Assets.xcassets in Resources */ = {isa = PBXBuildFile; fileRef = A96CADFE27ECCB4B003FCDED /* Assets.xcassets */; };
		A96CAE0227ECCB4B003FCDED /* LaunchScreen.storyboard in Resources */ = {isa = PBXBuildFile; fileRef = A96CAE0027ECCB4B003FCDED /* LaunchScreen.storyboard */; };
		A96CAE0D27ECCBD3003FCDED /* MainVC.swift in Sources */ = {isa = PBXBuildFile; fileRef = A96CAE0C27ECCBD3003FCDED /* MainVC.swift */; };
		A96CAE1327ECCC30003FCDED /* NewsModel.swift in Sources */ = {isa = PBXBuildFile; fileRef = A96CAE1227ECCC30003FCDED /* NewsModel.swift */; };
		A96CAE1927ECCCFF003FCDED /* Presenter.swift in Sources */ = {isa = PBXBuildFile; fileRef = A96CAE1827ECCCFF003FCDED /* Presenter.swift */; };
		A96CAE2227ECD16E003FCDED /* +UIView.swift in Sources */ = {isa = PBXBuildFile; fileRef = A96CAE2127ECD16E003FCDED /* +UIView.swift */; };
		A96CAE2827ECD957003FCDED /* NetworkHelper.swift in Sources */ = {isa = PBXBuildFile; fileRef = A96CAE2727ECD957003FCDED /* NetworkHelper.swift */; };
		A9ED8C7227EF8EB6000F12DC /* NetworkClient.swift in Sources */ = {isa = PBXBuildFile; fileRef = A9ED8C7127EF8EB6000F12DC /* NetworkClient.swift */; };
/* End PBXBuildFile section */

/* Begin PBXFileReference section */
		50ECDAB7E0925097FE29665D /* Pods-MVC-NasaRovers.release.xcconfig */ = {isa = PBXFileReference; includeInIndex = 1; lastKnownFileType = text.xcconfig; name = "Pods-MVC-NasaRovers.release.xcconfig"; path = "Target Support Files/Pods-MVC-NasaRovers/Pods-MVC-NasaRovers.release.xcconfig"; sourceTree = "<group>"; };
		A96CADF227ECCB48003FCDED /* MVC-NasaRovers.app */ = {isa = PBXFileReference; explicitFileType = wrapper.application; includeInIndex = 0; path = "MVC-NasaRovers.app"; sourceTree = BUILT_PRODUCTS_DIR; };
		A96CADF527ECCB48003FCDED /* AppDelegate.swift */ = {isa = PBXFileReference; lastKnownFileType = sourcecode.swift; path = AppDelegate.swift; sourceTree = "<group>"; };
		A96CADF727ECCB48003FCDED /* SceneDelegate.swift */ = {isa = PBXFileReference; lastKnownFileType = sourcecode.swift; path = SceneDelegate.swift; sourceTree = "<group>"; };
		A96CADFE27ECCB4B003FCDED /* Assets.xcassets */ = {isa = PBXFileReference; lastKnownFileType = folder.assetcatalog; path = Assets.xcassets; sourceTree = "<group>"; };
		A96CAE0127ECCB4B003FCDED /* Base */ = {isa = PBXFileReference; lastKnownFileType = file.storyboard; name = Base; path = Base.lproj/LaunchScreen.storyboard; sourceTree = "<group>"; };
		A96CAE0327ECCB4B003FCDED /* Info.plist */ = {isa = PBXFileReference; lastKnownFileType = text.plist.xml; path = Info.plist; sourceTree = "<group>"; };
		A96CAE0C27ECCBD3003FCDED /* MainVC.swift */ = {isa = PBXFileReference; lastKnownFileType = sourcecode.swift; path = MainVC.swift; sourceTree = "<group>"; };
		A96CAE1227ECCC30003FCDED /* NewsModel.swift */ = {isa = PBXFileReference; lastKnownFileType = sourcecode.swift; path = NewsModel.swift; sourceTree = "<group>"; };
		A96CAE1827ECCCFF003FCDED /* Presenter.swift */ = {isa = PBXFileReference; lastKnownFileType = sourcecode.swift; path = Presenter.swift; sourceTree = "<group>"; };
		A96CAE2127ECD16E003FCDED /* +UIView.swift */ = {isa = PBXFileReference; lastKnownFileType = sourcecode.swift; path = "+UIView.swift"; sourceTree = "<group>"; };
		A96CAE2727ECD957003FCDED /* NetworkHelper.swift */ = {isa = PBXFileReference; lastKnownFileType = sourcecode.swift; path = NetworkHelper.swift; sourceTree = "<group>"; };
		A9ED8C7127EF8EB6000F12DC /* NetworkClient.swift */ = {isa = PBXFileReference; lastKnownFileType = sourcecode.swift; path = NetworkClient.swift; sourceTree = "<group>"; };
		BE4475DF758E4BD9D5CB51EE /* Pods_MVC_NasaRovers.framework */ = {isa = PBXFileReference; explicitFileType = wrapper.framework; includeInIndex = 0; path = Pods_MVC_NasaRovers.framework; sourceTree = BUILT_PRODUCTS_DIR; };
		FECB959DC8782546A06717DB /* Pods-MVC-NasaRovers.debug.xcconfig */ = {isa = PBXFileReference; includeInIndex = 1; lastKnownFileType = text.xcconfig; name = "Pods-MVC-NasaRovers.debug.xcconfig"; path = "Target Support Files/Pods-MVC-NasaRovers/Pods-MVC-NasaRovers.debug.xcconfig"; sourceTree = "<group>"; };
/* End PBXFileReference section */

/* Begin PBXFrameworksBuildPhase section */
		A96CADEF27ECCB48003FCDED /* Frameworks */ = {
			isa = PBXFrameworksBuildPhase;
			buildActionMask = 2147483647;
			files = (
				56512DF8E578DB41CC76F3BF /* Pods_MVC_NasaRovers.framework in Frameworks */,
			);
			runOnlyForDeploymentPostprocessing = 0;
		};
/* End PBXFrameworksBuildPhase section */

/* Begin PBXGroup section */
		2AAB2B69FEC0B163A44DD6FC /* Frameworks */ = {
			isa = PBXGroup;
			children = (
				BE4475DF758E4BD9D5CB51EE /* Pods_MVC_NasaRovers.framework */,
			);
			name = Frameworks;
			sourceTree = "<group>";
		};
		85B777E866CD098E5030EF98 /* Pods */ = {
			isa = PBXGroup;
			children = (
				FECB959DC8782546A06717DB /* Pods-MVC-NasaRovers.debug.xcconfig */,
				50ECDAB7E0925097FE29665D /* Pods-MVC-NasaRovers.release.xcconfig */,
			);
			path = Pods;
			sourceTree = "<group>";
		};
		A96CADE927ECCB48003FCDED = {
			isa = PBXGroup;
			children = (
				A96CADF427ECCB48003FCDED /* MVC-NasaRovers */,
				A96CADF327ECCB48003FCDED /* Products */,
				85B777E866CD098E5030EF98 /* Pods */,
				2AAB2B69FEC0B163A44DD6FC /* Frameworks */,
			);
			sourceTree = "<group>";
		};
		A96CADF327ECCB48003FCDED /* Products */ = {
			isa = PBXGroup;
			children = (
				A96CADF227ECCB48003FCDED /* MVC-NasaRovers.app */,
			);
			name = Products;
			sourceTree = "<group>";
		};
		A96CADF427ECCB48003FCDED /* MVC-NasaRovers */ = {
			isa = PBXGroup;
			children = (
				A96CADF527ECCB48003FCDED /* AppDelegate.swift */,
				A96CADF727ECCB48003FCDED /* SceneDelegate.swift */,
				A96CADFE27ECCB4B003FCDED /* Assets.xcassets */,
				A96CAE0027ECCB4B003FCDED /* LaunchScreen.storyboard */,
				A96CAE0327ECCB4B003FCDED /* Info.plist */,
				A96CAE2027ECD163003FCDED /* Extensions */,
				A96CAE1727ECCCF7003FCDED /* Presenter */,
				A96CAE1627ECCCF0003FCDED /* View */,
				A96CAE1527ECCCE3003FCDED /* Model */,
				A96CAE2727ECD957003FCDED /* NetworkHelper.swift */,
				A9ED8C7127EF8EB6000F12DC /* NetworkClient.swift */,
			);
			path = "MVC-NasaRovers";
			sourceTree = "<group>";
		};
		A96CAE1527ECCCE3003FCDED /* Model */ = {
			isa = PBXGroup;
			children = (
				A96CAE1227ECCC30003FCDED /* NewsModel.swift */,
			);
			path = Model;
			sourceTree = "<group>";
		};
		A96CAE1627ECCCF0003FCDED /* View */ = {
			isa = PBXGroup;
			children = (
				A96CAE0C27ECCBD3003FCDED /* MainVC.swift */,
			);
			path = View;
			sourceTree = "<group>";
		};
		A96CAE1727ECCCF7003FCDED /* Presenter */ = {
			isa = PBXGroup;
			children = (
				A96CAE1827ECCCFF003FCDED /* Presenter.swift */,
			);
			path = Presenter;
			sourceTree = "<group>";
		};
		A96CAE2027ECD163003FCDED /* Extensions */ = {
			isa = PBXGroup;
			children = (
				A96CAE2127ECD16E003FCDED /* +UIView.swift */,
			);
			path = Extensions;
			sourceTree = "<group>";
		};
/* End PBXGroup section */

/* Begin PBXNativeTarget section */
		A96CADF127ECCB48003FCDED /* MVC-NasaRovers */ = {
			isa = PBXNativeTarget;
			buildConfigurationList = A96CAE0627ECCB4B003FCDED /* Build configuration list for PBXNativeTarget "MVC-NasaRovers" */;
			buildPhases = (
				D193A472C5C8616A7E795983 /* [CP] Check Pods Manifest.lock */,
				A96CADEE27ECCB48003FCDED /* Sources */,
				A96CADEF27ECCB48003FCDED /* Frameworks */,
				A96CADF027ECCB48003FCDED /* Resources */,
				5E9AD986CCC99F3DEBC82FAC /* [CP] Embed Pods Frameworks */,
			);
			buildRules = (
			);
			dependencies = (
			);
			name = "MVC-NasaRovers";
			productName = "MVC-NasaRovers";
			productReference = A96CADF227ECCB48003FCDED /* MVC-NasaRovers.app */;
			productType = "com.apple.product-type.application";
		};
/* End PBXNativeTarget section */

/* Begin PBXProject section */
		A96CADEA27ECCB48003FCDED /* Project object */ = {
			isa = PBXProject;
			attributes = {
				LastSwiftUpdateCheck = 1240;
				LastUpgradeCheck = 1240;
				TargetAttributes = {
					A96CADF127ECCB48003FCDED = {
						CreatedOnToolsVersion = 12.4;
					};
				};
			};
			buildConfigurationList = A96CADED27ECCB48003FCDED /* Build configuration list for PBXProject "MVC-NasaRovers" */;
			compatibilityVersion = "Xcode 9.3";
			developmentRegion = en;
			hasScannedForEncodings = 0;
			knownRegions = (
				en,
				Base,
			);
			mainGroup = A96CADE927ECCB48003FCDED;
			productRefGroup = A96CADF327ECCB48003FCDED /* Products */;
			projectDirPath = "";
			projectRoot = "";
			targets = (
				A96CADF127ECCB48003FCDED /* MVC-NasaRovers */,
			);
		};
/* End PBXProject section */

/* Begin PBXResourcesBuildPhase section */
		A96CADF027ECCB48003FCDED /* Resources */ = {
			isa = PBXResourcesBuildPhase;
			buildActionMask = 2147483647;
			files = (
				A96CAE0227ECCB4B003FCDED /* LaunchScreen.storyboard in Resources */,
				A96CADFF27ECCB4B003FCDED /* Assets.xcassets in Resources */,
			);
			runOnlyForDeploymentPostprocessing = 0;
		};
/* End PBXResourcesBuildPhase section */

/* Begin PBXShellScriptBuildPhase section */
		5E9AD986CCC99F3DEBC82FAC /* [CP] Embed Pods Frameworks */ = {
			isa = PBXShellScriptBuildPhase;
			buildActionMask = 2147483647;
			files = (
			);
			inputFileListPaths = (
				"${PODS_ROOT}/Target Support Files/Pods-MVC-NasaRovers/Pods-MVC-NasaRovers-frameworks-${CONFIGURATION}-input-files.xcfilelist",
			);
			name = "[CP] Embed Pods Frameworks";
			outputFileListPaths = (
				"${PODS_ROOT}/Target Support Files/Pods-MVC-NasaRovers/Pods-MVC-NasaRovers-frameworks-${CONFIGURATION}-output-files.xcfilelist",
			);
			runOnlyForDeploymentPostprocessing = 0;
			shellPath = /bin/sh;
			shellScript = "\"${PODS_ROOT}/Target Support Files/Pods-MVC-NasaRovers/Pods-MVC-NasaRovers-frameworks.sh\"\n";
			showEnvVarsInLog = 0;
		};
		D193A472C5C8616A7E795983 /* [CP] Check Pods Manifest.lock */ = {
			isa = PBXShellScriptBuildPhase;
			buildActionMask = 2147483647;
			files = (
			);
			inputFileListPaths = (
			);
			inputPaths = (
				"${PODS_PODFILE_DIR_PATH}/Podfile.lock",
				"${PODS_ROOT}/Manifest.lock",
			);
			name = "[CP] Check Pods Manifest.lock";
			outputFileListPaths = (
			);
			outputPaths = (
				"$(DERIVED_FILE_DIR)/Pods-MVC-NasaRovers-checkManifestLockResult.txt",
			);
			runOnlyForDeploymentPostprocessing = 0;
			shellPath = /bin/sh;
			shellScript = "diff \"${PODS_PODFILE_DIR_PATH}/Podfile.lock\" \"${PODS_ROOT}/Manifest.lock\" > /dev/null\nif [ $? != 0 ] ; then\n    # print error to STDERR\n    echo \"error: The sandbox is not in sync with the Podfile.lock. Run 'pod install' or update your CocoaPods installation.\" >&2\n    exit 1\nfi\n# This output is used by Xcode 'outputs' to avoid re-running this script phase.\necho \"SUCCESS\" > \"${SCRIPT_OUTPUT_FILE_0}\"\n";
			showEnvVarsInLog = 0;
		};
/* End PBXShellScriptBuildPhase section */

/* Begin PBXSourcesBuildPhase section */
		A96CADEE27ECCB48003FCDED /* Sources */ = {
			isa = PBXSourcesBuildPhase;
			buildActionMask = 2147483647;
			files = (
				A96CAE1927ECCCFF003FCDED /* Presenter.swift in Sources */,
				A96CADF627ECCB48003FCDED /* AppDelegate.swift in Sources */,
				A96CAE2227ECD16E003FCDED /* +UIView.swift in Sources */,
				A96CAE2827ECD957003FCDED /* NetworkHelper.swift in Sources */,
				A9ED8C7227EF8EB6000F12DC /* NetworkClient.swift in Sources */,
				A96CAE0D27ECCBD3003FCDED /* MainVC.swift in Sources */,
				A96CAE1327ECCC30003FCDED /* NewsModel.swift in Sources */,
				A96CADF827ECCB48003FCDED /* SceneDelegate.swift in Sources */,
			);
			runOnlyForDeploymentPostprocessing = 0;
		};
/* End PBXSourcesBuildPhase section */

/* Begin PBXVariantGroup section */
		A96CAE0027ECCB4B003FCDED /* LaunchScreen.storyboard */ = {
			isa = PBXVariantGroup;
			children = (
				A96CAE0127ECCB4B003FCDED /* Base */,
			);
			name = LaunchScreen.storyboard;
			sourceTree = "<group>";
		};
/* End PBXVariantGroup section */

/* Begin XCBuildConfiguration section */
		A96CAE0427ECCB4B003FCDED /* Debug */ = {
			isa = XCBuildConfiguration;
			buildSettings = {
				ALWAYS_SEARCH_USER_PATHS = NO;
				CLANG_ANALYZER_NONNULL = YES;
				CLANG_ANALYZER_NUMBER_OBJECT_CONVERSION = YES_AGGRESSIVE;
				CLANG_CXX_LANGUAGE_STANDARD = "gnu++14";
				CLANG_CXX_LIBRARY = "libc++";
				CLANG_ENABLE_MODULES = YES;
				CLANG_ENABLE_OBJC_ARC = YES;
				CLANG_ENABLE_OBJC_WEAK = YES;
				CLANG_WARN_BLOCK_CAPTURE_AUTORELEASING = YES;
				CLANG_WARN_BOOL_CONVERSION = YES;
				CLANG_WARN_COMMA = YES;
				CLANG_WARN_CONSTANT_CONVERSION = YES;
				CLANG_WARN_DEPRECATED_OBJC_IMPLEMENTATIONS = YES;
				CLANG_WARN_DIRECT_OBJC_ISA_USAGE = YES_ERROR;
				CLANG_WARN_DOCUMENTATION_COMMENTS = YES;
				CLANG_WARN_EMPTY_BODY = YES;
				CLANG_WARN_ENUM_CONVERSION = YES;
				CLANG_WARN_INFINITE_RECURSION = YES;
				CLANG_WARN_INT_CONVERSION = YES;
				CLANG_WARN_NON_LITERAL_NULL_CONVERSION = YES;
				CLANG_WARN_OBJC_IMPLICIT_RETAIN_SELF = YES;
				CLANG_WARN_OBJC_LITERAL_CONVERSION = YES;
				CLANG_WARN_OBJC_ROOT_CLASS = YES_ERROR;
				CLANG_WARN_QUOTED_INCLUDE_IN_FRAMEWORK_HEADER = YES;
				CLANG_WARN_RANGE_LOOP_ANALYSIS = YES;
				CLANG_WARN_STRICT_PROTOTYPES = YES;
				CLANG_WARN_SUSPICIOUS_MOVE = YES;
				CLANG_WARN_UNGUARDED_AVAILABILITY = YES_AGGRESSIVE;
				CLANG_WARN_UNREACHABLE_CODE = YES;
				CLANG_WARN__DUPLICATE_METHOD_MATCH = YES;
				COPY_PHASE_STRIP = NO;
				DEBUG_INFORMATION_FORMAT = dwarf;
				ENABLE_STRICT_OBJC_MSGSEND = YES;
				ENABLE_TESTABILITY = YES;
				GCC_C_LANGUAGE_STANDARD = gnu11;
				GCC_DYNAMIC_NO_PIC = NO;
				GCC_NO_COMMON_BLOCKS = YES;
				GCC_OPTIMIZATION_LEVEL = 0;
				GCC_PREPROCESSOR_DEFINITIONS = (
					"DEBUG=1",
					"$(inherited)",
				);
				GCC_WARN_64_TO_32_BIT_CONVERSION = YES;
				GCC_WARN_ABOUT_RETURN_TYPE = YES_ERROR;
				GCC_WARN_UNDECLARED_SELECTOR = YES;
				GCC_WARN_UNINITIALIZED_AUTOS = YES_AGGRESSIVE;
				GCC_WARN_UNUSED_FUNCTION = YES;
				GCC_WARN_UNUSED_VARIABLE = YES;
				IPHONEOS_DEPLOYMENT_TARGET = 14.4;
				MTL_ENABLE_DEBUG_INFO = INCLUDE_SOURCE;
				MTL_FAST_MATH = YES;
				ONLY_ACTIVE_ARCH = YES;
				SDKROOT = iphoneos;
				SWIFT_ACTIVE_COMPILATION_CONDITIONS = DEBUG;
				SWIFT_OPTIMIZATION_LEVEL = "-Onone";
			};
			name = Debug;
		};
		A96CAE0527ECCB4B003FCDED /* Release */ = {
			isa = XCBuildConfiguration;
			buildSettings = {
				ALWAYS_SEARCH_USER_PATHS = NO;
				CLANG_ANALYZER_NONNULL = YES;
				CLANG_ANALYZER_NUMBER_OBJECT_CONVERSION = YES_AGGRESSIVE;
				CLANG_CXX_LANGUAGE_STANDARD = "gnu++14";
				CLANG_CXX_LIBRARY = "libc++";
				CLANG_ENABLE_MODULES = YES;
				CLANG_ENABLE_OBJC_ARC = YES;
				CLANG_ENABLE_OBJC_WEAK = YES;
				CLANG_WARN_BLOCK_CAPTURE_AUTORELEASING = YES;
				CLANG_WARN_BOOL_CONVERSION = YES;
				CLANG_WARN_COMMA = YES;
				CLANG_WARN_CONSTANT_CONVERSION = YES;
				CLANG_WARN_DEPRECATED_OBJC_IMPLEMENTATIONS = YES;
				CLANG_WARN_DIRECT_OBJC_ISA_USAGE = YES_ERROR;
				CLANG_WARN_DOCUMENTATION_COMMENTS = YES;
				CLANG_WARN_EMPTY_BODY = YES;
				CLANG_WARN_ENUM_CONVERSION = YES;
				CLANG_WARN_INFINITE_RECURSION = YES;
				CLANG_WARN_INT_CONVERSION = YES;
				CLANG_WARN_NON_LITERAL_NULL_CONVERSION = YES;
				CLANG_WARN_OBJC_IMPLICIT_RETAIN_SELF = YES;
				CLANG_WARN_OBJC_LITERAL_CONVERSION = YES;
				CLANG_WARN_OBJC_ROOT_CLASS = YES_ERROR;
				CLANG_WARN_QUOTED_INCLUDE_IN_FRAMEWORK_HEADER = YES;
				CLANG_WARN_RANGE_LOOP_ANALYSIS = YES;
				CLANG_WARN_STRICT_PROTOTYPES = YES;
				CLANG_WARN_SUSPICIOUS_MOVE = YES;
				CLANG_WARN_UNGUARDED_AVAILABILITY = YES_AGGRESSIVE;
				CLANG_WARN_UNREACHABLE_CODE = YES;
				CLANG_WARN__DUPLICATE_METHOD_MATCH = YES;
				COPY_PHASE_STRIP = NO;
				DEBUG_INFORMATION_FORMAT = "dwarf-with-dsym";
				ENABLE_NS_ASSERTIONS = NO;
				ENABLE_STRICT_OBJC_MSGSEND = YES;
				GCC_C_LANGUAGE_STANDARD = gnu11;
				GCC_NO_COMMON_BLOCKS = YES;
				GCC_WARN_64_TO_32_BIT_CONVERSION = YES;
				GCC_WARN_ABOUT_RETURN_TYPE = YES_ERROR;
				GCC_WARN_UNDECLARED_SELECTOR = YES;
				GCC_WARN_UNINITIALIZED_AUTOS = YES_AGGRESSIVE;
				GCC_WARN_UNUSED_FUNCTION = YES;
				GCC_WARN_UNUSED_VARIABLE = YES;
				IPHONEOS_DEPLOYMENT_TARGET = 14.4;
				MTL_ENABLE_DEBUG_INFO = NO;
				MTL_FAST_MATH = YES;
				SDKROOT = iphoneos;
				SWIFT_COMPILATION_MODE = wholemodule;
				SWIFT_OPTIMIZATION_LEVEL = "-O";
				VALIDATE_PRODUCT = YES;
			};
			name = Release;
		};
		A96CAE0727ECCB4B003FCDED /* Debug */ = {
			isa = XCBuildConfiguration;
			baseConfigurationReference = FECB959DC8782546A06717DB /* Pods-MVC-NasaRovers.debug.xcconfig */;
			buildSettings = {
				ASSETCATALOG_COMPILER_APPICON_NAME = AppIcon;
				ASSETCATALOG_COMPILER_GLOBAL_ACCENT_COLOR_NAME = AccentColor;
				BaseURL = "https://newsapi.org/v2/";
				CODE_SIGN_STYLE = Automatic;
				DEVELOPMENT_TEAM = 2F5H7LLA5P;
				INFOPLIST_FILE = "MVC-NasaRovers/Info.plist";
				LD_RUNPATH_SEARCH_PATHS = (
					"$(inherited)",
					"@executable_path/Frameworks",
				);
				PRODUCT_BUNDLE_IDENTIFIER = "com.hasan.MVC-NasaRovers";
				PRODUCT_NAME = "$(TARGET_NAME)";
				SWIFT_VERSION = 5.0;
				TARGETED_DEVICE_FAMILY = 1;
			};
			name = Debug;
		};
		A96CAE0827ECCB4B003FCDED /* Release */ = {
			isa = XCBuildConfiguration;
			baseConfigurationReference = 50ECDAB7E0925097FE29665D /* Pods-MVC-NasaRovers.release.xcconfig */;
			buildSettings = {
				ASSETCATALOG_COMPILER_APPICON_NAME = AppIcon;
				ASSETCATALOG_COMPILER_GLOBAL_ACCENT_COLOR_NAME = AccentColor;
				BaseURL = "https://newsapi.org/v2/";
				CODE_SIGN_STYLE = Automatic;
				DEVELOPMENT_TEAM = 2F5H7LLA5P;
				INFOPLIST_FILE = "MVC-NasaRovers/Info.plist";
				LD_RUNPATH_SEARCH_PATHS = (
					"$(inherited)",
					"@executable_path/Frameworks",
				);
				PRODUCT_BUNDLE_IDENTIFIER = "com.hasan.MVC-NasaRovers";
				PRODUCT_NAME = "$(TARGET_NAME)";
				SWIFT_VERSION = 5.0;
				TARGETED_DEVICE_FAMILY = 1;
			};
			name = Release;
		};
/* End XCBuildConfiguration section */

/* Begin XCConfigurationList section */
		A96CADED27ECCB48003FCDED /* Build configuration list for PBXProject "MVC-NasaRovers" */ = {
			isa = XCConfigurationList;
			buildConfigurations = (
				A96CAE0427ECCB4B003FCDED /* Debug */,
				A96CAE0527ECCB4B003FCDED /* Release */,
			);
			defaultConfigurationIsVisible = 0;
			defaultConfigurationName = Release;
		};
		A96CAE0627ECCB4B003FCDED /* Build configuration list for PBXNativeTarget "MVC-NasaRovers" */ = {
			isa = XCConfigurationList;
			buildConfigurations = (
				A96CAE0727ECCB4B003FCDED /* Debug */,
				A96CAE0827ECCB4B003FCDED /* Release */,
			);
			defaultConfigurationIsVisible = 0;
			defaultConfigurationName = Release;
		};
/* End XCConfigurationList section */
	};
	rootObject = A96CADEA27ECCB48003FCDED /* Project object */;
}
